
Microsoft Visual Studio Solution File, Format Version 12.00
# Visual Studio Version 17
VisualStudioVersion = 17.12.35506.116 d17.12
MinimumVisualStudioVersion = 10.0.40219.1
Project("{FAE04EC0-301F-11D3-BF4B-00C04F79EFBC}") = "VerkhoturovaDZ6", "VerkhoturovaDZ6\VerkhoturovaDZ6.csproj", "{C3E47500-F91B-4EDF-973A-DC0C50E2408B}"
EndProject
Project("{FAE04EC0-301F-11D3-BF4B-00C04F79EFBC}") = "lab_6", "lab_6\lab_6.csproj", "{ECE774AD-2A4C-40CA-9EF0-BC6D2C8AC5FA}"
EndProject
Global
	GlobalSection(SolutionConfigurationPlatforms) = preSolution
		Debug|Any CPU = Debug|Any CPU
		Release|Any CPU = Release|Any CPU
	EndGlobalSection
	GlobalSection(ProjectConfigurationPlatforms) = postSolution
		{C3E47500-F91B-4EDF-973A-DC0C50E2408B}.Debug|Any CPU.ActiveCfg = Debug|Any CPU
		{C3E47500-F91B-4EDF-973A-DC0C50E2408B}.Debug|Any CPU.Build.0 = Debug|Any CPU
		{C3E47500-F91B-4EDF-973A-DC0C50E2408B}.Release|Any CPU.ActiveCfg = Release|Any CPU
		{C3E47500-F91B-4EDF-973A-DC0C50E2408B}.Release|Any CPU.Build.0 = Release|Any CPU
		{ECE774AD-2A4C-40CA-9EF0-BC6D2C8AC5FA}.Debug|Any CPU.ActiveCfg = Debug|Any CPU
		{ECE774AD-2A4C-40CA-9EF0-BC6D2C8AC5FA}.Debug|Any CPU.Build.0 = Debug|Any CPU
		{ECE774AD-2A4C-40CA-9EF0-BC6D2C8AC5FA}.Release|Any CPU.ActiveCfg = Release|Any CPU
		{ECE774AD-2A4C-40CA-9EF0-BC6D2C8AC5FA}.Release|Any CPU.Build.0 = Release|Any CPU
	EndGlobalSection
	GlobalSection(SolutionProperties) = preSolution
		HideSolutionNode = FALSE
	EndGlobalSection
EndGlobal
